
Microsoft Visual Studio Solution File, Format Version 12.00
# Visual Studio 15
VisualStudioVersion = 15.0.28307.572
MinimumVisualStudioVersion = 10.0.40219.1
Project("{E24C65DC-7377-472B-9ABA-BC803B73C61A}") = "ChurchManagerV3", ".", "{CB353ECD-376F-48F2-89F0-70E5E1B780CC}"
	ProjectSection(WebsiteProperties) = preProject
		TargetFrameworkMoniker = ".NETFramework,Version%3Dv4.0"
		Debug.AspNetCompiler.VirtualPath = "/localhost_28765"
		Debug.AspNetCompiler.PhysicalPath = "..\ChurchManagerV3\"
		Debug.AspNetCompiler.TargetPath = "PrecompiledWeb\localhost_28765\"
		Debug.AspNetCompiler.Updateable = "true"
		Debug.AspNetCompiler.ForceOverwrite = "true"
		Debug.AspNetCompiler.FixedNames = "false"
		Debug.AspNetCompiler.Debug = "True"
		Release.AspNetCompiler.VirtualPath = "/localhost_28765"
		Release.AspNetCompiler.PhysicalPath = "..\ChurchManagerV3\"
		Release.AspNetCompiler.TargetPath = "PrecompiledWeb\localhost_28765\"
		Release.AspNetCompiler.Updateable = "true"
		Release.AspNetCompiler.ForceOverwrite = "true"
		Release.AspNetCompiler.FixedNames = "false"
		Release.AspNetCompiler.Debug = "False"
		VWDPort = "28765"
		SlnRelativePath = "..\ChurchManagerV3\"
	EndProjectSection
EndProject
Global
	GlobalSection(SolutionConfigurationPlatforms) = preSolution
		Debug|Any CPU = Debug|Any CPU
	EndGlobalSection
	GlobalSection(ProjectConfigurationPlatforms) = postSolution
		{CB353ECD-376F-48F2-89F0-70E5E1B780CC}.Debug|Any CPU.ActiveCfg = Debug|Any CPU
		{CB353ECD-376F-48F2-89F0-70E5E1B780CC}.Debug|Any CPU.Build.0 = Debug|Any CPU
	EndGlobalSection
	GlobalSection(SolutionProperties) = preSolution
		HideSolutionNode = FALSE
	EndGlobalSection
	GlobalSection(ExtensibilityGlobals) = postSolution
		SolutionGuid = {2EA52554-E0D8-4DD8-8AF3-A16DD5025D9B}
	EndGlobalSection
EndGlobal
